
Microsoft Visual Studio Solution File, Format Version 12.00
# Visual Studio Version 17
VisualStudioVersion = 17.7.34202.233
MinimumVisualStudioVersion = 10.0.40219.1
Project("{FAE04EC0-301F-11D3-BF4B-00C04F79EFBC}") = "TODO.Api", "TODO.Api.csproj", "{29540C8E-2D8D-47DF-BCE0-670D3B817FD8}"
EndProject
Project("{FAE04EC0-301F-11D3-BF4B-00C04F79EFBC}") = "TODO.Models", "..\TODO.Models\TODO.Models.csproj", "{1E6DD4BB-68D4-4864-9D42-10BE529FCB64}"
EndProject
Project("{FAE04EC0-301F-11D3-BF4B-00C04F79EFBC}") = "TODO.Services", "..\TODO.Services\TODO.Services.csproj", "{C5BA3817-E5EC-43A9-8C9C-99ED7366F4B6}"
EndProject
Global
	GlobalSection(SolutionConfigurationPlatforms) = preSolution
		Debug|Any CPU = Debug|Any CPU
		Release|Any CPU = Release|Any CPU
	EndGlobalSection
	GlobalSection(ProjectConfigurationPlatforms) = postSolution
		{29540C8E-2D8D-47DF-BCE0-670D3B817FD8}.Debug|Any CPU.ActiveCfg = Debug|Any CPU
		{29540C8E-2D8D-47DF-BCE0-670D3B817FD8}.Debug|Any CPU.Build.0 = Debug|Any CPU
		{29540C8E-2D8D-47DF-BCE0-670D3B817FD8}.Release|Any CPU.ActiveCfg = Release|Any CPU
		{29540C8E-2D8D-47DF-BCE0-670D3B817FD8}.Release|Any CPU.Build.0 = Release|Any CPU
		{1E6DD4BB-68D4-4864-9D42-10BE529FCB64}.Debug|Any CPU.ActiveCfg = Debug|Any CPU
		{1E6DD4BB-68D4-4864-9D42-10BE529FCB64}.Debug|Any CPU.Build.0 = Debug|Any CPU
		{1E6DD4BB-68D4-4864-9D42-10BE529FCB64}.Release|Any CPU.ActiveCfg = Release|Any CPU
		{1E6DD4BB-68D4-4864-9D42-10BE529FCB64}.Release|Any CPU.Build.0 = Release|Any CPU
		{C5BA3817-E5EC-43A9-8C9C-99ED7366F4B6}.Debug|Any CPU.ActiveCfg = Debug|Any CPU
		{C5BA3817-E5EC-43A9-8C9C-99ED7366F4B6}.Debug|Any CPU.Build.0 = Debug|Any CPU
		{C5BA3817-E5EC-43A9-8C9C-99ED7366F4B6}.Release|Any CPU.ActiveCfg = Release|Any CPU
		{C5BA3817-E5EC-43A9-8C9C-99ED7366F4B6}.Release|Any CPU.Build.0 = Release|Any CPU
	EndGlobalSection
	GlobalSection(SolutionProperties) = preSolution
		HideSolutionNode = FALSE
	EndGlobalSection
	GlobalSection(ExtensibilityGlobals) = postSolution
		SolutionGuid = {09C5149D-0E57-4BB5-A191-305222D87AC3}
	EndGlobalSection
EndGlobal
